
Microsoft Visual Studio Solution File, Format Version 12.00
# Visual Studio Version 16
VisualStudioVersion = 16.0.29209.62
MinimumVisualStudioVersion = 10.0.40219.1
Project("{FAE04EC0-301F-11D3-BF4B-00C04F79EFBC}") = "OOPsReview", "OOPsReview\OOPsReview.csproj", "{7D87AA9F-7F78-4D29-BA55-0DA798F9075A}"
EndProject
Global
	GlobalSection(SolutionConfigurationPlatforms) = preSolution
		Debug|Any CPU = Debug|Any CPU
		Release|Any CPU = Release|Any CPU
	EndGlobalSection
	GlobalSection(ProjectConfigurationPlatforms) = postSolution
		{7D87AA9F-7F78-4D29-BA55-0DA798F9075A}.Debug|Any CPU.ActiveCfg = Debug|Any CPU
		{7D87AA9F-7F78-4D29-BA55-0DA798F9075A}.Debug|Any CPU.Build.0 = Debug|Any CPU
		{7D87AA9F-7F78-4D29-BA55-0DA798F9075A}.Release|Any CPU.ActiveCfg = Release|Any CPU
		{7D87AA9F-7F78-4D29-BA55-0DA798F9075A}.Release|Any CPU.Build.0 = Release|Any CPU
	EndGlobalSection
	GlobalSection(SolutionProperties) = preSolution
		HideSolutionNode = FALSE
	EndGlobalSection
	GlobalSection(ExtensibilityGlobals) = postSolution
		SolutionGuid = {FE62104D-2DA1-48E7-A632-63B0543A225F}
	EndGlobalSection
EndGlobal
